
Microsoft Visual Studio Solution File, Format Version 12.00
# Visual Studio Version 17
VisualStudioVersion = 17.13.35931.197
MinimumVisualStudioVersion = 10.0.40219.1
Project("{FAE04EC0-301F-11D3-BF4B-00C04F79EFBC}") = "MapsDisplay", "MapsDisplay\MapsDisplay\MapsDisplay.csproj", "{6909C5C1-5FD7-42AA-9D14-44C62A7231BF}"
EndProject
Project("{FAE04EC0-301F-11D3-BF4B-00C04F79EFBC}") = "MapsDisplay.Client", "MapsDisplay\MapsDisplay.Client\MapsDisplay.Client.csproj", "{EAB9719C-7603-4A78-98EF-8DBE139DD9AF}"
EndProject
Project("{FAE04EC0-301F-11D3-BF4B-00C04F79EFBC}") = "Shared", "MapsDisplay\Shared\Shared.csproj", "{D58F4EA7-E278-440F-A618-F9DE54F13FB9}"
EndProject
Project("{2150E333-8FDC-42A3-9474-1A3956D46DE8}") = "Solution Items", "Solution Items", "{8EC462FD-D22E-90A8-E5CE-7E832BA40C5D}"
	ProjectSection(SolutionItems) = preProject
		.gitignore = .gitignore
	EndProjectSection
EndProject
Project("{FAE04EC0-301F-11D3-BF4B-00C04F79EFBC}") = "MapsDisplay.Tests", "MapsDisplay.Tests\MapsDisplay.Tests.csproj", "{4C3EF99A-AABC-4B38-989D-9060ADBA9AA0}"
EndProject
Project("{FAE04EC0-301F-11D3-BF4B-00C04F79EFBC}") = "MapsDisplay.Components.Tests", "MapsDisplay.Components.Tests\MapsDisplay.Components.Tests.csproj", "{06443520-56E0-475C-BB10-4FF30D3F2931}"
EndProject
Global
	GlobalSection(SolutionConfigurationPlatforms) = preSolution
		Debug|Any CPU = Debug|Any CPU
		Debug|x64 = Debug|x64
		Debug|x86 = Debug|x86
		Release|Any CPU = Release|Any CPU
		Release|x64 = Release|x64
		Release|x86 = Release|x86
	EndGlobalSection
	GlobalSection(ProjectConfigurationPlatforms) = postSolution
		{6909C5C1-5FD7-42AA-9D14-44C62A7231BF}.Debug|Any CPU.ActiveCfg = Debug|Any CPU
		{6909C5C1-5FD7-42AA-9D14-44C62A7231BF}.Debug|Any CPU.Build.0 = Debug|Any CPU
		{6909C5C1-5FD7-42AA-9D14-44C62A7231BF}.Debug|x64.ActiveCfg = Debug|Any CPU
		{6909C5C1-5FD7-42AA-9D14-44C62A7231BF}.Debug|x64.Build.0 = Debug|Any CPU
		{6909C5C1-5FD7-42AA-9D14-44C62A7231BF}.Debug|x86.ActiveCfg = Debug|Any CPU
		{6909C5C1-5FD7-42AA-9D14-44C62A7231BF}.Debug|x86.Build.0 = Debug|Any CPU
		{6909C5C1-5FD7-42AA-9D14-44C62A7231BF}.Release|Any CPU.ActiveCfg = Release|Any CPU
		{6909C5C1-5FD7-42AA-9D14-44C62A7231BF}.Release|Any CPU.Build.0 = Release|Any CPU
		{6909C5C1-5FD7-42AA-9D14-44C62A7231BF}.Release|x64.ActiveCfg = Release|Any CPU
		{6909C5C1-5FD7-42AA-9D14-44C62A7231BF}.Release|x64.Build.0 = Release|Any CPU
		{6909C5C1-5FD7-42AA-9D14-44C62A7231BF}.Release|x86.ActiveCfg = Release|Any CPU
		{6909C5C1-5FD7-42AA-9D14-44C62A7231BF}.Release|x86.Build.0 = Release|Any CPU
		{EAB9719C-7603-4A78-98EF-8DBE139DD9AF}.Debug|Any CPU.ActiveCfg = Debug|Any CPU
		{EAB9719C-7603-4A78-98EF-8DBE139DD9AF}.Debug|Any CPU.Build.0 = Debug|Any CPU
		{EAB9719C-7603-4A78-98EF-8DBE139DD9AF}.Debug|x64.ActiveCfg = Debug|Any CPU
		{EAB9719C-7603-4A78-98EF-8DBE139DD9AF}.Debug|x64.Build.0 = Debug|Any CPU
		{EAB9719C-7603-4A78-98EF-8DBE139DD9AF}.Debug|x86.ActiveCfg = Debug|Any CPU
		{EAB9719C-7603-4A78-98EF-8DBE139DD9AF}.Debug|x86.Build.0 = Debug|Any CPU
		{EAB9719C-7603-4A78-98EF-8DBE139DD9AF}.Release|Any CPU.ActiveCfg = Release|Any CPU
		{EAB9719C-7603-4A78-98EF-8DBE139DD9AF}.Release|Any CPU.Build.0 = Release|Any CPU
		{EAB9719C-7603-4A78-98EF-8DBE139DD9AF}.Release|x64.ActiveCfg = Release|Any CPU
		{EAB9719C-7603-4A78-98EF-8DBE139DD9AF}.Release|x64.Build.0 = Release|Any CPU
		{EAB9719C-7603-4A78-98EF-8DBE139DD9AF}.Release|x86.ActiveCfg = Release|Any CPU
		{EAB9719C-7603-4A78-98EF-8DBE139DD9AF}.Release|x86.Build.0 = Release|Any CPU
		{D58F4EA7-E278-440F-A618-F9DE54F13FB9}.Debug|Any CPU.ActiveCfg = Debug|Any CPU
		{D58F4EA7-E278-440F-A618-F9DE54F13FB9}.Debug|Any CPU.Build.0 = Debug|Any CPU
		{D58F4EA7-E278-440F-A618-F9DE54F13FB9}.Debug|x64.ActiveCfg = Debug|Any CPU
		{D58F4EA7-E278-440F-A618-F9DE54F13FB9}.Debug|x64.Build.0 = Debug|Any CPU
		{D58F4EA7-E278-440F-A618-F9DE54F13FB9}.Debug|x86.ActiveCfg = Debug|Any CPU
		{D58F4EA7-E278-440F-A618-F9DE54F13FB9}.Debug|x86.Build.0 = Debug|Any CPU
		{D58F4EA7-E278-440F-A618-F9DE54F13FB9}.Release|Any CPU.ActiveCfg = Release|Any CPU
		{D58F4EA7-E278-440F-A618-F9DE54F13FB9}.Release|Any CPU.Build.0 = Release|Any CPU
		{D58F4EA7-E278-440F-A618-F9DE54F13FB9}.Release|x64.ActiveCfg = Release|Any CPU
		{D58F4EA7-E278-440F-A618-F9DE54F13FB9}.Release|x64.Build.0 = Release|Any CPU
		{D58F4EA7-E278-440F-A618-F9DE54F13FB9}.Release|x86.ActiveCfg = Release|Any CPU
		{D58F4EA7-E278-440F-A618-F9DE54F13FB9}.Release|x86.Build.0 = Release|Any CPU
		{4C3EF99A-AABC-4B38-989D-9060ADBA9AA0}.Debug|Any CPU.ActiveCfg = Debug|Any CPU
		{4C3EF99A-AABC-4B38-989D-9060ADBA9AA0}.Debug|Any CPU.Build.0 = Debug|Any CPU
		{4C3EF99A-AABC-4B38-989D-9060ADBA9AA0}.Debug|x64.ActiveCfg = Debug|Any CPU
		{4C3EF99A-AABC-4B38-989D-9060ADBA9AA0}.Debug|x64.Build.0 = Debug|Any CPU
		{4C3EF99A-AABC-4B38-989D-9060ADBA9AA0}.Debug|x86.ActiveCfg = Debug|Any CPU
		{4C3EF99A-AABC-4B38-989D-9060ADBA9AA0}.Debug|x86.Build.0 = Debug|Any CPU
		{4C3EF99A-AABC-4B38-989D-9060ADBA9AA0}.Release|Any CPU.ActiveCfg = Release|Any CPU
		{4C3EF99A-AABC-4B38-989D-9060ADBA9AA0}.Release|Any CPU.Build.0 = Release|Any CPU
		{4C3EF99A-AABC-4B38-989D-9060ADBA9AA0}.Release|x64.ActiveCfg = Release|Any CPU
		{4C3EF99A-AABC-4B38-989D-9060ADBA9AA0}.Release|x64.Build.0 = Release|Any CPU
		{4C3EF99A-AABC-4B38-989D-9060ADBA9AA0}.Release|x86.ActiveCfg = Release|Any CPU
		{4C3EF99A-AABC-4B38-989D-9060ADBA9AA0}.Release|x86.Build.0 = Release|Any CPU
		{06443520-56E0-475C-BB10-4FF30D3F2931}.Debug|Any CPU.ActiveCfg = Debug|Any CPU
		{06443520-56E0-475C-BB10-4FF30D3F2931}.Debug|Any CPU.Build.0 = Debug|Any CPU
		{06443520-56E0-475C-BB10-4FF30D3F2931}.Debug|x64.ActiveCfg = Debug|Any CPU
		{06443520-56E0-475C-BB10-4FF30D3F2931}.Debug|x64.Build.0 = Debug|Any CPU
		{06443520-56E0-475C-BB10-4FF30D3F2931}.Debug|x86.ActiveCfg = Debug|Any CPU
		{06443520-56E0-475C-BB10-4FF30D3F2931}.Debug|x86.Build.0 = Debug|Any CPU
		{06443520-56E0-475C-BB10-4FF30D3F2931}.Release|Any CPU.ActiveCfg = Release|Any CPU
		{06443520-56E0-475C-BB10-4FF30D3F2931}.Release|Any CPU.Build.0 = Release|Any CPU
		{06443520-56E0-475C-BB10-4FF30D3F2931}.Release|x64.ActiveCfg = Release|Any CPU
		{06443520-56E0-475C-BB10-4FF30D3F2931}.Release|x64.Build.0 = Release|Any CPU
		{06443520-56E0-475C-BB10-4FF30D3F2931}.Release|x86.ActiveCfg = Release|Any CPU
		{06443520-56E0-475C-BB10-4FF30D3F2931}.Release|x86.Build.0 = Release|Any CPU
	EndGlobalSection
	GlobalSection(SolutionProperties) = preSolution
		HideSolutionNode = FALSE
	EndGlobalSection
	GlobalSection(ExtensibilityGlobals) = postSolution
		SolutionGuid = {777E5F9B-DC04-4B0E-846B-046BDCB10E19}
	EndGlobalSection
EndGlobal
